
Microsoft Visual Studio Solution File, Format Version 12.00
# Visual Studio Version 16
VisualStudioVersion = 16.0.29123.88
MinimumVisualStudioVersion = 10.0.40219.1
Project("{FAE04EC0-301F-11D3-BF4B-00C04F79EFBC}") = "HpDentist", "HpDentist.csproj", "{655BFC99-3A7A-4421-9411-4CE57C0784A6}"
EndProject
Global
	GlobalSection(SolutionConfigurationPlatforms) = preSolution
		Debug|Any CPU = Debug|Any CPU
		Release|Any CPU = Release|Any CPU
	EndGlobalSection
	GlobalSection(ProjectConfigurationPlatforms) = postSolution
		{655BFC99-3A7A-4421-9411-4CE57C0784A6}.Debug|Any CPU.ActiveCfg = Debug|Any CPU
		{655BFC99-3A7A-4421-9411-4CE57C0784A6}.Debug|Any CPU.Build.0 = Debug|Any CPU
		{655BFC99-3A7A-4421-9411-4CE57C0784A6}.Release|Any CPU.ActiveCfg = Release|Any CPU
		{655BFC99-3A7A-4421-9411-4CE57C0784A6}.Release|Any CPU.Build.0 = Release|Any CPU
	EndGlobalSection
	GlobalSection(SolutionProperties) = preSolution
		HideSolutionNode = FALSE
	EndGlobalSection
	GlobalSection(ExtensibilityGlobals) = postSolution
		SolutionGuid = {DF7302BD-1C52-4372-B592-B39397D5C095}
	EndGlobalSection
EndGlobal
